// !$*UTF8*$!
{
	archiveVersion = 1;
	classes = {
	};
	objectVersion = 50;
	objects = {

/* Begin PBXBuildFile section */
		32445D82258F177400E8456F /* AppDelegate.swift in Sources */ = {isa = PBXBuildFile; fileRef = 32445D81258F177400E8456F /* AppDelegate.swift */; };
		32445D84258F177400E8456F /* SceneDelegate.swift in Sources */ = {isa = PBXBuildFile; fileRef = 32445D83258F177400E8456F /* SceneDelegate.swift */; };
		32445D86258F177400E8456F /* ViewController.swift in Sources */ = {isa = PBXBuildFile; fileRef = 32445D85258F177400E8456F /* ViewController.swift */; };
		32445D89258F177400E8456F /* Main.storyboard in Resources */ = {isa = PBXBuildFile; fileRef = 32445D87258F177400E8456F /* Main.storyboard */; };
		32445D8B258F177500E8456F /* Assets.xcassets in Resources */ = {isa = PBXBuildFile; fileRef = 32445D8A258F177500E8456F /* Assets.xcassets */; };
		32445D8E258F177500E8456F /* LaunchScreen.storyboard in Resources */ = {isa = PBXBuildFile; fileRef = 32445D8C258F177500E8456F /* LaunchScreen.storyboard */; };
		32445D99258F177600E8456F /* TestVideoTests.swift in Sources */ = {isa = PBXBuildFile; fileRef = 32445D98258F177600E8456F /* TestVideoTests.swift */; };
		32445DA4258F177600E8456F /* TestVideoUITests.swift in Sources */ = {isa = PBXBuildFile; fileRef = 32445DA3258F177600E8456F /* TestVideoUITests.swift */; };
		32445DB7258F18AD00E8456F /* VideoViewController.swift in Sources */ = {isa = PBXBuildFile; fileRef = 32445DB5258F18AD00E8456F /* VideoViewController.swift */; };
		32445DB8258F18AD00E8456F /* VideoViewController.xib in Resources */ = {isa = PBXBuildFile; fileRef = 32445DB6258F18AD00E8456F /* VideoViewController.xib */; };
		32445DCC258F1F0A00E8456F /* OrientationHandler.swift in Sources */ = {isa = PBXBuildFile; fileRef = 32445DCB258F1F0A00E8456F /* OrientationHandler.swift */; };
		32445DD6258F21A500E8456F /* DataHandler.swift in Sources */ = {isa = PBXBuildFile; fileRef = 32445DD5258F21A500E8456F /* DataHandler.swift */; };
		32D064DC258F2D640095B38A /* Videos.swift in Sources */ = {isa = PBXBuildFile; fileRef = 32D064DB258F2D640095B38A /* Videos.swift */; };
		32D064E1258F30FD0095B38A /* Video.swift in Sources */ = {isa = PBXBuildFile; fileRef = 32D064E0258F30FD0095B38A /* Video.swift */; };
		32D064E7258F40D30095B38A /* GatewayProtocol.swift in Sources */ = {isa = PBXBuildFile; fileRef = 32D064E6258F40D30095B38A /* GatewayProtocol.swift */; };
		32D064EC258F40F60095B38A /* Gateway.swift in Sources */ = {isa = PBXBuildFile; fileRef = 32D064EB258F40F60095B38A /* Gateway.swift */; };
		32D064F2258F412A0095B38A /* ParserProtocol.swift in Sources */ = {isa = PBXBuildFile; fileRef = 32D064F1258F412A0095B38A /* ParserProtocol.swift */; };
		32D064FA258F41440095B38A /* Parser.swift in Sources */ = {isa = PBXBuildFile; fileRef = 32D064F9258F41440095B38A /* Parser.swift */; };
		32D06505258F43390095B38A /* VideoViewModel.swift in Sources */ = {isa = PBXBuildFile; fileRef = 32D06504258F43390095B38A /* VideoViewModel.swift */; };
		32D0650B258F43F60095B38A /* Controller.swift in Sources */ = {isa = PBXBuildFile; fileRef = 32D0650A258F43F60095B38A /* Controller.swift */; };
		32D06518258F46870095B38A /* VideoCollectionCell.swift in Sources */ = {isa = PBXBuildFile; fileRef = 32D06517258F46870095B38A /* VideoCollectionCell.swift */; };
		32D0651D258F46930095B38A /* VideoCollectionCell.xib in Resources */ = {isa = PBXBuildFile; fileRef = 32D0651C258F46930095B38A /* VideoCollectionCell.xib */; };
		32D06522258F4CA70095B38A /* Interactor.swift in Sources */ = {isa = PBXBuildFile; fileRef = 32D06521258F4CA70095B38A /* Interactor.swift */; };
		32D06527258F4CB20095B38A /* Presenter.swift in Sources */ = {isa = PBXBuildFile; fileRef = 32D06526258F4CB20095B38A /* Presenter.swift */; };
/* End PBXBuildFile section */

/* Begin PBXContainerItemProxy section */
		32445D95258F177600E8456F /* PBXContainerItemProxy */ = {
			isa = PBXContainerItemProxy;
			containerPortal = 32445D76258F177400E8456F /* Project object */;
			proxyType = 1;
			remoteGlobalIDString = 32445D7D258F177400E8456F;
			remoteInfo = TestVideo;
		};
		32445DA0258F177600E8456F /* PBXContainerItemProxy */ = {
			isa = PBXContainerItemProxy;
			containerPortal = 32445D76258F177400E8456F /* Project object */;
			proxyType = 1;
			remoteGlobalIDString = 32445D7D258F177400E8456F;
			remoteInfo = TestVideo;
		};
/* End PBXContainerItemProxy section */

/* Begin PBXFileReference section */
		32445D7E258F177400E8456F /* TestVideo.app */ = {isa = PBXFileReference; explicitFileType = wrapper.application; includeInIndex = 0; path = TestVideo.app; sourceTree = BUILT_PRODUCTS_DIR; };
		32445D81258F177400E8456F /* AppDelegate.swift */ = {isa = PBXFileReference; lastKnownFileType = sourcecode.swift; path = AppDelegate.swift; sourceTree = "<group>"; };
		32445D83258F177400E8456F /* SceneDelegate.swift */ = {isa = PBXFileReference; lastKnownFileType = sourcecode.swift; path = SceneDelegate.swift; sourceTree = "<group>"; };
		32445D85258F177400E8456F /* ViewController.swift */ = {isa = PBXFileReference; lastKnownFileType = sourcecode.swift; path = ViewController.swift; sourceTree = "<group>"; };
		32445D88258F177400E8456F /* Base */ = {isa = PBXFileReference; lastKnownFileType = file.storyboard; name = Base; path = Base.lproj/Main.storyboard; sourceTree = "<group>"; };
		32445D8A258F177500E8456F /* Assets.xcassets */ = {isa = PBXFileReference; lastKnownFileType = folder.assetcatalog; path = Assets.xcassets; sourceTree = "<group>"; };
		32445D8D258F177500E8456F /* Base */ = {isa = PBXFileReference; lastKnownFileType = file.storyboard; name = Base; path = Base.lproj/LaunchScreen.storyboard; sourceTree = "<group>"; };
		32445D8F258F177500E8456F /* Info.plist */ = {isa = PBXFileReference; lastKnownFileType = text.plist.xml; path = Info.plist; sourceTree = "<group>"; };
		32445D94258F177600E8456F /* TestVideoTests.xctest */ = {isa = PBXFileReference; explicitFileType = wrapper.cfbundle; includeInIndex = 0; path = TestVideoTests.xctest; sourceTree = BUILT_PRODUCTS_DIR; };
		32445D98258F177600E8456F /* TestVideoTests.swift */ = {isa = PBXFileReference; lastKnownFileType = sourcecode.swift; path = TestVideoTests.swift; sourceTree = "<group>"; };
		32445D9A258F177600E8456F /* Info.plist */ = {isa = PBXFileReference; lastKnownFileType = text.plist.xml; path = Info.plist; sourceTree = "<group>"; };
		32445D9F258F177600E8456F /* TestVideoUITests.xctest */ = {isa = PBXFileReference; explicitFileType = wrapper.cfbundle; includeInIndex = 0; path = TestVideoUITests.xctest; sourceTree = BUILT_PRODUCTS_DIR; };
		32445DA3258F177600E8456F /* TestVideoUITests.swift */ = {isa = PBXFileReference; lastKnownFileType = sourcecode.swift; path = TestVideoUITests.swift; sourceTree = "<group>"; };
		32445DA5258F177600E8456F /* Info.plist */ = {isa = PBXFileReference; lastKnownFileType = text.plist.xml; path = Info.plist; sourceTree = "<group>"; };
		32445DB5258F18AD00E8456F /* VideoViewController.swift */ = {isa = PBXFileReference; lastKnownFileType = sourcecode.swift; path = VideoViewController.swift; sourceTree = "<group>"; };
		32445DB6258F18AD00E8456F /* VideoViewController.xib */ = {isa = PBXFileReference; lastKnownFileType = file.xib; path = VideoViewController.xib; sourceTree = "<group>"; };
		32445DCB258F1F0A00E8456F /* OrientationHandler.swift */ = {isa = PBXFileReference; lastKnownFileType = sourcecode.swift; path = OrientationHandler.swift; sourceTree = "<group>"; };
		32445DD5258F21A500E8456F /* DataHandler.swift */ = {isa = PBXFileReference; lastKnownFileType = sourcecode.swift; path = DataHandler.swift; sourceTree = "<group>"; };
		32D064DB258F2D640095B38A /* Videos.swift */ = {isa = PBXFileReference; lastKnownFileType = sourcecode.swift; path = Videos.swift; sourceTree = "<group>"; };
		32D064E0258F30FD0095B38A /* Video.swift */ = {isa = PBXFileReference; lastKnownFileType = sourcecode.swift; path = Video.swift; sourceTree = "<group>"; };
		32D064E6258F40D30095B38A /* GatewayProtocol.swift */ = {isa = PBXFileReference; lastKnownFileType = sourcecode.swift; path = GatewayProtocol.swift; sourceTree = "<group>"; };
		32D064EB258F40F60095B38A /* Gateway.swift */ = {isa = PBXFileReference; lastKnownFileType = sourcecode.swift; path = Gateway.swift; sourceTree = "<group>"; };
		32D064F1258F412A0095B38A /* ParserProtocol.swift */ = {isa = PBXFileReference; lastKnownFileType = sourcecode.swift; path = ParserProtocol.swift; sourceTree = "<group>"; };
		32D064F9258F41440095B38A /* Parser.swift */ = {isa = PBXFileReference; lastKnownFileType = sourcecode.swift; path = Parser.swift; sourceTree = "<group>"; };
		32D06504258F43390095B38A /* VideoViewModel.swift */ = {isa = PBXFileReference; lastKnownFileType = sourcecode.swift; path = VideoViewModel.swift; sourceTree = "<group>"; };
		32D0650A258F43F60095B38A /* Controller.swift */ = {isa = PBXFileReference; lastKnownFileType = sourcecode.swift; path = Controller.swift; sourceTree = "<group>"; };
		32D06517258F46870095B38A /* VideoCollectionCell.swift */ = {isa = PBXFileReference; lastKnownFileType = sourcecode.swift; path = VideoCollectionCell.swift; sourceTree = "<group>"; };
		32D0651C258F46930095B38A /* VideoCollectionCell.xib */ = {isa = PBXFileReference; lastKnownFileType = file.xib; path = VideoCollectionCell.xib; sourceTree = "<group>"; };
		32D06521258F4CA70095B38A /* Interactor.swift */ = {isa = PBXFileReference; lastKnownFileType = sourcecode.swift; path = Interactor.swift; sourceTree = "<group>"; };
		32D06526258F4CB20095B38A /* Presenter.swift */ = {isa = PBXFileReference; lastKnownFileType = sourcecode.swift; path = Presenter.swift; sourceTree = "<group>"; };
/* End PBXFileReference section */

/* Begin PBXFrameworksBuildPhase section */
		32445D7B258F177400E8456F /* Frameworks */ = {
			isa = PBXFrameworksBuildPhase;
			buildActionMask = 2147483647;
			files = (
			);
			runOnlyForDeploymentPostprocessing = 0;
		};
		32445D91258F177600E8456F /* Frameworks */ = {
			isa = PBXFrameworksBuildPhase;
			buildActionMask = 2147483647;
			files = (
			);
			runOnlyForDeploymentPostprocessing = 0;
		};
		32445D9C258F177600E8456F /* Frameworks */ = {
			isa = PBXFrameworksBuildPhase;
			buildActionMask = 2147483647;
			files = (
			);
			runOnlyForDeploymentPostprocessing = 0;
		};
/* End PBXFrameworksBuildPhase section */

/* Begin PBXGroup section */
		32445D75258F177400E8456F = {
			isa = PBXGroup;
			children = (
				32445DB4258F186000E8456F /* Impartus */,
				32445D80258F177400E8456F /* TestVideo */,
				32445D97258F177600E8456F /* TestVideoTests */,
				32445DA2258F177600E8456F /* TestVideoUITests */,
				32445D7F258F177400E8456F /* Products */,
			);
			sourceTree = "<group>";
		};
		32445D7F258F177400E8456F /* Products */ = {
			isa = PBXGroup;
			children = (
				32445D7E258F177400E8456F /* TestVideo.app */,
				32445D94258F177600E8456F /* TestVideoTests.xctest */,
				32445D9F258F177600E8456F /* TestVideoUITests.xctest */,
			);
			name = Products;
			sourceTree = "<group>";
		};
		32445D80258F177400E8456F /* TestVideo */ = {
			isa = PBXGroup;
			children = (
				32445D81258F177400E8456F /* AppDelegate.swift */,
				32445D83258F177400E8456F /* SceneDelegate.swift */,
				32445D85258F177400E8456F /* ViewController.swift */,
				32445D87258F177400E8456F /* Main.storyboard */,
				32445D8A258F177500E8456F /* Assets.xcassets */,
				32445D8C258F177500E8456F /* LaunchScreen.storyboard */,
				32445D8F258F177500E8456F /* Info.plist */,
			);
			path = TestVideo;
			sourceTree = "<group>";
		};
		32445D97258F177600E8456F /* TestVideoTests */ = {
			isa = PBXGroup;
			children = (
				32445D98258F177600E8456F /* TestVideoTests.swift */,
				32445D9A258F177600E8456F /* Info.plist */,
			);
			path = TestVideoTests;
			sourceTree = "<group>";
		};
		32445DA2258F177600E8456F /* TestVideoUITests */ = {
			isa = PBXGroup;
			children = (
				32445DA3258F177600E8456F /* TestVideoUITests.swift */,
				32445DA5258F177600E8456F /* Info.plist */,
			);
			path = TestVideoUITests;
			sourceTree = "<group>";
		};
		32445DB4258F186000E8456F /* Impartus */ = {
			isa = PBXGroup;
			children = (
				32D0652B258F64280095B38A /* CleanArchitecture */,
				32D064F0258F41160095B38A /* Parser */,
				32D064E5258F40BC0095B38A /* Gateway */,
				32D064DA258F2D3A0095B38A /* Entity */,
				32445DD4258F217A00E8456F /* DataHandler */,
				32445DD3258F215600E8456F /* Utility */,
				32445DD2258F214500E8456F /* Model */,
			);
			path = Impartus;
			sourceTree = "<group>";
		};
		32445DD0258F213400E8456F /* View */ = {
			isa = PBXGroup;
			children = (
				32445DB5258F18AD00E8456F /* VideoViewController.swift */,
				32445DB6258F18AD00E8456F /* VideoViewController.xib */,
				32D06517258F46870095B38A /* VideoCollectionCell.swift */,
				32D0651C258F46930095B38A /* VideoCollectionCell.xib */,
			);
			path = View;
			sourceTree = "<group>";
		};
		32445DD1258F213C00E8456F /* ViewModel */ = {
			isa = PBXGroup;
			children = (
				32D06504258F43390095B38A /* VideoViewModel.swift */,
			);
			path = ViewModel;
			sourceTree = "<group>";
		};
		32445DD2258F214500E8456F /* Model */ = {
			isa = PBXGroup;
			children = (
			);
			path = Model;
			sourceTree = "<group>";
		};
		32445DD3258F215600E8456F /* Utility */ = {
			isa = PBXGroup;
			children = (
				32445DCB258F1F0A00E8456F /* OrientationHandler.swift */,
			);
			path = Utility;
			sourceTree = "<group>";
		};
		32445DD4258F217A00E8456F /* DataHandler */ = {
			isa = PBXGroup;
			children = (
				32445DD5258F21A500E8456F /* DataHandler.swift */,
			);
			path = DataHandler;
			sourceTree = "<group>";
		};
		32D064DA258F2D3A0095B38A /* Entity */ = {
			isa = PBXGroup;
			children = (
				32D064DB258F2D640095B38A /* Videos.swift */,
				32D064E0258F30FD0095B38A /* Video.swift */,
			);
			path = Entity;
			sourceTree = "<group>";
		};
		32D064E5258F40BC0095B38A /* Gateway */ = {
			isa = PBXGroup;
			children = (
				32D064E6258F40D30095B38A /* GatewayProtocol.swift */,
				32D064EB258F40F60095B38A /* Gateway.swift */,
			);
			path = Gateway;
			sourceTree = "<group>";
		};
		32D064F0258F41160095B38A /* Parser */ = {
			isa = PBXGroup;
			children = (
				32D064F1258F412A0095B38A /* ParserProtocol.swift */,
				32D064F9258F41440095B38A /* Parser.swift */,
			);
			path = Parser;
			sourceTree = "<group>";
		};
		32D06509258F43E00095B38A /* Controller */ = {
			isa = PBXGroup;
			children = (
				32D0650A258F43F60095B38A /* Controller.swift */,
			);
			path = Controller;
			sourceTree = "<group>";
		};
		32D06512258F44180095B38A /* Interactor */ = {
			isa = PBXGroup;
			children = (
				32D06521258F4CA70095B38A /* Interactor.swift */,
			);
			path = Interactor;
			sourceTree = "<group>";
		};
		32D06513258F44250095B38A /* Presenter */ = {
			isa = PBXGroup;
			children = (
				32D06526258F4CB20095B38A /* Presenter.swift */,
			);
			path = Presenter;
			sourceTree = "<group>";
		};
		32D0652B258F64280095B38A /* CleanArchitecture */ = {
			isa = PBXGroup;
			children = (
				32445DD0258F213400E8456F /* View */,
				32D06509258F43E00095B38A /* Controller */,
				32445DD1258F213C00E8456F /* ViewModel */,
				32D06512258F44180095B38A /* Interactor */,
				32D06513258F44250095B38A /* Presenter */,
			);
			path = CleanArchitecture;
			sourceTree = "<group>";
		};
/* End PBXGroup section */

/* Begin PBXNativeTarget section */
		32445D7D258F177400E8456F /* TestVideo */ = {
			isa = PBXNativeTarget;
			buildConfigurationList = 32445DA8258F177600E8456F /* Build configuration list for PBXNativeTarget "TestVideo" */;
			buildPhases = (
				32445D7A258F177400E8456F /* Sources */,
				32445D7B258F177400E8456F /* Frameworks */,
				32445D7C258F177400E8456F /* Resources */,
			);
			buildRules = (
			);
			dependencies = (
			);
			name = TestVideo;
			productName = TestVideo;
			productReference = 32445D7E258F177400E8456F /* TestVideo.app */;
			productType = "com.apple.product-type.application";
		};
		32445D93258F177600E8456F /* TestVideoTests */ = {
			isa = PBXNativeTarget;
			buildConfigurationList = 32445DAB258F177600E8456F /* Build configuration list for PBXNativeTarget "TestVideoTests" */;
			buildPhases = (
				32445D90258F177600E8456F /* Sources */,
				32445D91258F177600E8456F /* Frameworks */,
				32445D92258F177600E8456F /* Resources */,
			);
			buildRules = (
			);
			dependencies = (
				32445D96258F177600E8456F /* PBXTargetDependency */,
			);
			name = TestVideoTests;
			productName = TestVideoTests;
			productReference = 32445D94258F177600E8456F /* TestVideoTests.xctest */;
			productType = "com.apple.product-type.bundle.unit-test";
		};
		32445D9E258F177600E8456F /* TestVideoUITests */ = {
			isa = PBXNativeTarget;
			buildConfigurationList = 32445DAE258F177600E8456F /* Build configuration list for PBXNativeTarget "TestVideoUITests" */;
			buildPhases = (
				32445D9B258F177600E8456F /* Sources */,
				32445D9C258F177600E8456F /* Frameworks */,
				32445D9D258F177600E8456F /* Resources */,
			);
			buildRules = (
			);
			dependencies = (
				32445DA1258F177600E8456F /* PBXTargetDependency */,
			);
			name = TestVideoUITests;
			productName = TestVideoUITests;
			productReference = 32445D9F258F177600E8456F /* TestVideoUITests.xctest */;
			productType = "com.apple.product-type.bundle.ui-testing";
		};
/* End PBXNativeTarget section */

/* Begin PBXProject section */
		32445D76258F177400E8456F /* Project object */ = {
			isa = PBXProject;
			attributes = {
				LastSwiftUpdateCheck = 1210;
				LastUpgradeCheck = 1210;
				TargetAttributes = {
					32445D7D258F177400E8456F = {
						CreatedOnToolsVersion = 12.1;
					};
					32445D93258F177600E8456F = {
						CreatedOnToolsVersion = 12.1;
						TestTargetID = 32445D7D258F177400E8456F;
					};
					32445D9E258F177600E8456F = {
						CreatedOnToolsVersion = 12.1;
						TestTargetID = 32445D7D258F177400E8456F;
					};
				};
			};
			buildConfigurationList = 32445D79258F177400E8456F /* Build configuration list for PBXProject "TestVideo" */;
			compatibilityVersion = "Xcode 9.3";
			developmentRegion = en;
			hasScannedForEncodings = 0;
			knownRegions = (
				en,
				Base,
			);
			mainGroup = 32445D75258F177400E8456F;
			productRefGroup = 32445D7F258F177400E8456F /* Products */;
			projectDirPath = "";
			projectRoot = "";
			targets = (
				32445D7D258F177400E8456F /* TestVideo */,
				32445D93258F177600E8456F /* TestVideoTests */,
				32445D9E258F177600E8456F /* TestVideoUITests */,
			);
		};
/* End PBXProject section */

/* Begin PBXResourcesBuildPhase section */
		32445D7C258F177400E8456F /* Resources */ = {
			isa = PBXResourcesBuildPhase;
			buildActionMask = 2147483647;
			files = (
				32445D8E258F177500E8456F /* LaunchScreen.storyboard in Resources */,
				32445D8B258F177500E8456F /* Assets.xcassets in Resources */,
				32D0651D258F46930095B38A /* VideoCollectionCell.xib in Resources */,
				32445DB8258F18AD00E8456F /* VideoViewController.xib in Resources */,
				32445D89258F177400E8456F /* Main.storyboard in Resources */,
			);
			runOnlyForDeploymentPostprocessing = 0;
		};
		32445D92258F177600E8456F /* Resources */ = {
			isa = PBXResourcesBuildPhase;
			buildActionMask = 2147483647;
			files = (
			);
			runOnlyForDeploymentPostprocessing = 0;
		};
		32445D9D258F177600E8456F /* Resources */ = {
			isa = PBXResourcesBuildPhase;
			buildActionMask = 2147483647;
			files = (
			);
			runOnlyForDeploymentPostprocessing = 0;
		};
/* End PBXResourcesBuildPhase section */

/* Begin PBXSourcesBuildPhase section */
		32445D7A258F177400E8456F /* Sources */ = {
			isa = PBXSourcesBuildPhase;
			buildActionMask = 2147483647;
			files = (
				32445DD6258F21A500E8456F /* DataHandler.swift in Sources */,
				32445D86258F177400E8456F /* ViewController.swift in Sources */,
				32D064E7258F40D30095B38A /* GatewayProtocol.swift in Sources */,
				32D06527258F4CB20095B38A /* Presenter.swift in Sources */,
				32445D82258F177400E8456F /* AppDelegate.swift in Sources */,
				32D06518258F46870095B38A /* VideoCollectionCell.swift in Sources */,
				32D064EC258F40F60095B38A /* Gateway.swift in Sources */,
				32D06522258F4CA70095B38A /* Interactor.swift in Sources */,
				32D064DC258F2D640095B38A /* Videos.swift in Sources */,
				32445DB7258F18AD00E8456F /* VideoViewController.swift in Sources */,
				32D06505258F43390095B38A /* VideoViewModel.swift in Sources */,
				32D064E1258F30FD0095B38A /* Video.swift in Sources */,
				32D064FA258F41440095B38A /* Parser.swift in Sources */,
				32445D84258F177400E8456F /* SceneDelegate.swift in Sources */,
				32445DCC258F1F0A00E8456F /* OrientationHandler.swift in Sources */,
				32D064F2258F412A0095B38A /* ParserProtocol.swift in Sources */,
				32D0650B258F43F60095B38A /* Controller.swift in Sources */,
			);
			runOnlyForDeploymentPostprocessing = 0;
		};
		32445D90258F177600E8456F /* Sources */ = {
			isa = PBXSourcesBuildPhase;
			buildActionMask = 2147483647;
			files = (
				32445D99258F177600E8456F /* TestVideoTests.swift in Sources */,
			);
			runOnlyForDeploymentPostprocessing = 0;
		};
		32445D9B258F177600E8456F /* Sources */ = {
			isa = PBXSourcesBuildPhase;
			buildActionMask = 2147483647;
			files = (
				32445DA4258F177600E8456F /* TestVideoUITests.swift in Sources */,
			);
			runOnlyForDeploymentPostprocessing = 0;
		};
/* End PBXSourcesBuildPhase section */

/* Begin PBXTargetDependency section */
		32445D96258F177600E8456F /* PBXTargetDependency */ = {
			isa = PBXTargetDependency;
			target = 32445D7D258F177400E8456F /* TestVideo */;
			targetProxy = 32445D95258F177600E8456F /* PBXContainerItemProxy */;
		};
		32445DA1258F177600E8456F /* PBXTargetDependency */ = {
			isa = PBXTargetDependency;
			target = 32445D7D258F177400E8456F /* TestVideo */;
			targetProxy = 32445DA0258F177600E8456F /* PBXContainerItemProxy */;
		};
/* End PBXTargetDependency section */

/* Begin PBXVariantGroup section */
		32445D87258F177400E8456F /* Main.storyboard */ = {
			isa = PBXVariantGroup;
			children = (
				32445D88258F177400E8456F /* Base */,
			);
			name = Main.storyboard;
			sourceTree = "<group>";
		};
		32445D8C258F177500E8456F /* LaunchScreen.storyboard */ = {
			isa = PBXVariantGroup;
			children = (
				32445D8D258F177500E8456F /* Base */,
			);
			name = LaunchScreen.storyboard;
			sourceTree = "<group>";
		};
/* End PBXVariantGroup section */

/* Begin XCBuildConfiguration section */
		32445DA6258F177600E8456F /* Debug */ = {
			isa = XCBuildConfiguration;
			buildSettings = {
				ALWAYS_SEARCH_USER_PATHS = NO;
				CLANG_ANALYZER_NONNULL = YES;
				CLANG_ANALYZER_NUMBER_OBJECT_CONVERSION = YES_AGGRESSIVE;
				CLANG_CXX_LANGUAGE_STANDARD = "gnu++14";
				CLANG_CXX_LIBRARY = "libc++";
				CLANG_ENABLE_MODULES = YES;
				CLANG_ENABLE_OBJC_ARC = YES;
				CLANG_ENABLE_OBJC_WEAK = YES;
				CLANG_WARN_BLOCK_CAPTURE_AUTORELEASING = YES;
				CLANG_WARN_BOOL_CONVERSION = YES;
				CLANG_WARN_COMMA = YES;
				CLANG_WARN_CONSTANT_CONVERSION = YES;
				CLANG_WARN_DEPRECATED_OBJC_IMPLEMENTATIONS = YES;
				CLANG_WARN_DIRECT_OBJC_ISA_USAGE = YES_ERROR;
				CLANG_WARN_DOCUMENTATION_COMMENTS = YES;
				CLANG_WARN_EMPTY_BODY = YES;
				CLANG_WARN_ENUM_CONVERSION = YES;
				CLANG_WARN_INFINITE_RECURSION = YES;
				CLANG_WARN_INT_CONVERSION = YES;
				CLANG_WARN_NON_LITERAL_NULL_CONVERSION = YES;
				CLANG_WARN_OBJC_IMPLICIT_RETAIN_SELF = YES;
				CLANG_WARN_OBJC_LITERAL_CONVERSION = YES;
				CLANG_WARN_OBJC_ROOT_CLASS = YES_ERROR;
				CLANG_WARN_QUOTED_INCLUDE_IN_FRAMEWORK_HEADER = YES;
				CLANG_WARN_RANGE_LOOP_ANALYSIS = YES;
				CLANG_WARN_STRICT_PROTOTYPES = YES;
				CLANG_WARN_SUSPICIOUS_MOVE = YES;
				CLANG_WARN_UNGUARDED_AVAILABILITY = YES_AGGRESSIVE;
				CLANG_WARN_UNREACHABLE_CODE = YES;
				CLANG_WARN__DUPLICATE_METHOD_MATCH = YES;
				COPY_PHASE_STRIP = NO;
				DEBUG_INFORMATION_FORMAT = dwarf;
				ENABLE_STRICT_OBJC_MSGSEND = YES;
				ENABLE_TESTABILITY = YES;
				GCC_C_LANGUAGE_STANDARD = gnu11;
				GCC_DYNAMIC_NO_PIC = NO;
				GCC_NO_COMMON_BLOCKS = YES;
				GCC_OPTIMIZATION_LEVEL = 0;
				GCC_PREPROCESSOR_DEFINITIONS = (
					"DEBUG=1",
					"$(inherited)",
				);
				GCC_WARN_64_TO_32_BIT_CONVERSION = YES;
				GCC_WARN_ABOUT_RETURN_TYPE = YES_ERROR;
				GCC_WARN_UNDECLARED_SELECTOR = YES;
				GCC_WARN_UNINITIALIZED_AUTOS = YES_AGGRESSIVE;
				GCC_WARN_UNUSED_FUNCTION = YES;
				GCC_WARN_UNUSED_VARIABLE = YES;
				IPHONEOS_DEPLOYMENT_TARGET = 14.1;
				MTL_ENABLE_DEBUG_INFO = INCLUDE_SOURCE;
				MTL_FAST_MATH = YES;
				ONLY_ACTIVE_ARCH = YES;
				SDKROOT = iphoneos;
				SWIFT_ACTIVE_COMPILATION_CONDITIONS = DEBUG;
				SWIFT_OPTIMIZATION_LEVEL = "-Onone";
			};
			name = Debug;
		};
		32445DA7258F177600E8456F /* Release */ = {
			isa = XCBuildConfiguration;
			buildSettings = {
				ALWAYS_SEARCH_USER_PATHS = NO;
				CLANG_ANALYZER_NONNULL = YES;
				CLANG_ANALYZER_NUMBER_OBJECT_CONVERSION = YES_AGGRESSIVE;
				CLANG_CXX_LANGUAGE_STANDARD = "gnu++14";
				CLANG_CXX_LIBRARY = "libc++";
				CLANG_ENABLE_MODULES = YES;
				CLANG_ENABLE_OBJC_ARC = YES;
				CLANG_ENABLE_OBJC_WEAK = YES;
				CLANG_WARN_BLOCK_CAPTURE_AUTORELEASING = YES;
				CLANG_WARN_BOOL_CONVERSION = YES;
				CLANG_WARN_COMMA = YES;
				CLANG_WARN_CONSTANT_CONVERSION = YES;
				CLANG_WARN_DEPRECATED_OBJC_IMPLEMENTATIONS = YES;
				CLANG_WARN_DIRECT_OBJC_ISA_USAGE = YES_ERROR;
				CLANG_WARN_DOCUMENTATION_COMMENTS = YES;
				CLANG_WARN_EMPTY_BODY = YES;
				CLANG_WARN_ENUM_CONVERSION = YES;
				CLANG_WARN_INFINITE_RECURSION = YES;
				CLANG_WARN_INT_CONVERSION = YES;
				CLANG_WARN_NON_LITERAL_NULL_CONVERSION = YES;
				CLANG_WARN_OBJC_IMPLICIT_RETAIN_SELF = YES;
				CLANG_WARN_OBJC_LITERAL_CONVERSION = YES;
				CLANG_WARN_OBJC_ROOT_CLASS = YES_ERROR;
				CLANG_WARN_QUOTED_INCLUDE_IN_FRAMEWORK_HEADER = YES;
				CLANG_WARN_RANGE_LOOP_ANALYSIS = YES;
				CLANG_WARN_STRICT_PROTOTYPES = YES;
				CLANG_WARN_SUSPICIOUS_MOVE = YES;
				CLANG_WARN_UNGUARDED_AVAILABILITY = YES_AGGRESSIVE;
				CLANG_WARN_UNREACHABLE_CODE = YES;
				CLANG_WARN__DUPLICATE_METHOD_MATCH = YES;
				COPY_PHASE_STRIP = NO;
				DEBUG_INFORMATION_FORMAT = "dwarf-with-dsym";
				ENABLE_NS_ASSERTIONS = NO;
				ENABLE_STRICT_OBJC_MSGSEND = YES;
				GCC_C_LANGUAGE_STANDARD = gnu11;
				GCC_NO_COMMON_BLOCKS = YES;
				GCC_WARN_64_TO_32_BIT_CONVERSION = YES;
				GCC_WARN_ABOUT_RETURN_TYPE = YES_ERROR;
				GCC_WARN_UNDECLARED_SELECTOR = YES;
				GCC_WARN_UNINITIALIZED_AUTOS = YES_AGGRESSIVE;
				GCC_WARN_UNUSED_FUNCTION = YES;
				GCC_WARN_UNUSED_VARIABLE = YES;
				IPHONEOS_DEPLOYMENT_TARGET = 14.1;
				MTL_ENABLE_DEBUG_INFO = NO;
				MTL_FAST_MATH = YES;
				SDKROOT = iphoneos;
				SWIFT_COMPILATION_MODE = wholemodule;
				SWIFT_OPTIMIZATION_LEVEL = "-O";
				VALIDATE_PRODUCT = YES;
			};
			name = Release;
		};
		32445DA9258F177600E8456F /* Debug */ = {
			isa = XCBuildConfiguration;
			buildSettings = {
				ASSETCATALOG_COMPILER_APPICON_NAME = AppIcon;
				ASSETCATALOG_COMPILER_GLOBAL_ACCENT_COLOR_NAME = AccentColor;
				CODE_SIGN_STYLE = Automatic;
				INFOPLIST_FILE = TestVideo/Info.plist;
				LD_RUNPATH_SEARCH_PATHS = (
					"$(inherited)",
					"@executable_path/Frameworks",
				);
				PRODUCT_BUNDLE_IDENTIFIER = in.til.popkarn.TestVideo;
				PRODUCT_NAME = "$(TARGET_NAME)";
				SWIFT_VERSION = 5.0;
				TARGETED_DEVICE_FAMILY = "1,2";
			};
			name = Debug;
		};
		32445DAA258F177600E8456F /* Release */ = {
			isa = XCBuildConfiguration;
			buildSettings = {
				ASSETCATALOG_COMPILER_APPICON_NAME = AppIcon;
				ASSETCATALOG_COMPILER_GLOBAL_ACCENT_COLOR_NAME = AccentColor;
				CODE_SIGN_STYLE = Automatic;
				INFOPLIST_FILE = TestVideo/Info.plist;
				LD_RUNPATH_SEARCH_PATHS = (
					"$(inherited)",
					"@executable_path/Frameworks",
				);
				PRODUCT_BUNDLE_IDENTIFIER = in.til.popkarn.TestVideo;
				PRODUCT_NAME = "$(TARGET_NAME)";
				SWIFT_VERSION = 5.0;
				TARGETED_DEVICE_FAMILY = "1,2";
			};
			name = Release;
		};
		32445DAC258F177600E8456F /* Debug */ = {
			isa = XCBuildConfiguration;
			buildSettings = {
				ALWAYS_EMBED_SWIFT_STANDARD_LIBRARIES = YES;
				BUNDLE_LOADER = "$(TEST_HOST)";
				CODE_SIGN_STYLE = Automatic;
				INFOPLIST_FILE = TestVideoTests/Info.plist;
				IPHONEOS_DEPLOYMENT_TARGET = 14.1;
				LD_RUNPATH_SEARCH_PATHS = (
					"$(inherited)",
					"@executable_path/Frameworks",
					"@loader_path/Frameworks",
				);
				PRODUCT_BUNDLE_IDENTIFIER = in.til.popkarn.TestVideoTests;
				PRODUCT_NAME = "$(TARGET_NAME)";
				SWIFT_VERSION = 5.0;
				TARGETED_DEVICE_FAMILY = "1,2";
				TEST_HOST = "$(BUILT_PRODUCTS_DIR)/TestVideo.app/TestVideo";
			};
			name = Debug;
		};
		32445DAD258F177600E8456F /* Release */ = {
			isa = XCBuildConfiguration;
			buildSettings = {
				ALWAYS_EMBED_SWIFT_STANDARD_LIBRARIES = YES;
				BUNDLE_LOADER = "$(TEST_HOST)";
				CODE_SIGN_STYLE = Automatic;
				INFOPLIST_FILE = TestVideoTests/Info.plist;
				IPHONEOS_DEPLOYMENT_TARGET = 14.1;
				LD_RUNPATH_SEARCH_PATHS = (
					"$(inherited)",
					"@executable_path/Frameworks",
					"@loader_path/Frameworks",
				);
				PRODUCT_BUNDLE_IDENTIFIER = in.til.popkarn.TestVideoTests;
				PRODUCT_NAME = "$(TARGET_NAME)";
				SWIFT_VERSION = 5.0;
				TARGETED_DEVICE_FAMILY = "1,2";
				TEST_HOST = "$(BUILT_PRODUCTS_DIR)/TestVideo.app/TestVideo";
			};
			name = Release;
		};
		32445DAF258F177600E8456F /* Debug */ = {
			isa = XCBuildConfiguration;
			buildSettings = {
				ALWAYS_EMBED_SWIFT_STANDARD_LIBRARIES = YES;
				CODE_SIGN_STYLE = Automatic;
				INFOPLIST_FILE = TestVideoUITests/Info.plist;
				LD_RUNPATH_SEARCH_PATHS = (
					"$(inherited)",
					"@executable_path/Frameworks",
					"@loader_path/Frameworks",
				);
				PRODUCT_BUNDLE_IDENTIFIER = in.til.popkarn.TestVideoUITests;
				PRODUCT_NAME = "$(TARGET_NAME)";
				SWIFT_VERSION = 5.0;
				TARGETED_DEVICE_FAMILY = "1,2";
				TEST_TARGET_NAME = TestVideo;
			};
			name = Debug;
		};
		32445DB0258F177600E8456F /* Release */ = {
			isa = XCBuildConfiguration;
			buildSettings = {
				ALWAYS_EMBED_SWIFT_STANDARD_LIBRARIES = YES;
				CODE_SIGN_STYLE = Automatic;
				INFOPLIST_FILE = TestVideoUITests/Info.plist;
				LD_RUNPATH_SEARCH_PATHS = (
					"$(inherited)",
					"@executable_path/Frameworks",
					"@loader_path/Frameworks",
				);
				PRODUCT_BUNDLE_IDENTIFIER = in.til.popkarn.TestVideoUITests;
				PRODUCT_NAME = "$(TARGET_NAME)";
				SWIFT_VERSION = 5.0;
				TARGETED_DEVICE_FAMILY = "1,2";
				TEST_TARGET_NAME = TestVideo;
			};
			name = Release;
		};
/* End XCBuildConfiguration section */

/* Begin XCConfigurationList section */
		32445D79258F177400E8456F /* Build configuration list for PBXProject "TestVideo" */ = {
			isa = XCConfigurationList;
			buildConfigurations = (
				32445DA6258F177600E8456F /* Debug */,
				32445DA7258F177600E8456F /* Release */,
			);
			defaultConfigurationIsVisible = 0;
			defaultConfigurationName = Release;
		};
		32445DA8258F177600E8456F /* Build configuration list for PBXNativeTarget "TestVideo" */ = {
			isa = XCConfigurationList;
			buildConfigurations = (
				32445DA9258F177600E8456F /* Debug */,
				32445DAA258F177600E8456F /* Release */,
			);
			defaultConfigurationIsVisible = 0;
			defaultConfigurationName = Release;
		};
		32445DAB258F177600E8456F /* Build configuration list for PBXNativeTarget "TestVideoTests" */ = {
			isa = XCConfigurationList;
			buildConfigurations = (
				32445DAC258F177600E8456F /* Debug */,
				32445DAD258F177600E8456F /* Release */,
			);
			defaultConfigurationIsVisible = 0;
			defaultConfigurationName = Release;
		};
		32445DAE258F177600E8456F /* Build configuration list for PBXNativeTarget "TestVideoUITests" */ = {
			isa = XCConfigurationList;
			buildConfigurations = (
				32445DAF258F177600E8456F /* Debug */,
				32445DB0258F177600E8456F /* Release */,
			);
			defaultConfigurationIsVisible = 0;
			defaultConfigurationName = Release;
		};
/* End XCConfigurationList section */
	};
	rootObject = 32445D76258F177400E8456F /* Project object */;
}
